
Microsoft Visual Studio Solution File, Format Version 12.00
# Visual Studio Version 16
VisualStudioVersion = 25.0.1706.7
MinimumVisualStudioVersion = 10.0.40219.1
Project("{FAE04EC0-301F-11D3-BF4B-00C04F79EFBC}") = "Build", "Build\Build.csproj", "{04FADA25-D229-42DC-8233-1FB9580701AB}"
EndProject
Project("{2150E333-8FDC-42A3-9474-1A3956D46DE8}") = "Solution Items", "Solution Items", "{6014E730-DF6F-4674-8564-FF1906BB1B4A}"
	ProjectSection(SolutionItems) = preProject
		appveyor.yml = appveyor.yml
		build.sh = build.sh
		readme.md = readme.md
	EndProjectSection
EndProject
Project("{FAE04EC0-301F-11D3-BF4B-00C04F79EFBC}") = "Xemo", "src\Xemo\Xemo.csproj", "{AB1672B1-0543-4FC2-8F9E-797A13C2B431}"
EndProject
Project("{FAE04EC0-301F-11D3-BF4B-00C04F79EFBC}") = "Xemo.Azure", "src\Xemo.Azure\Xemo.Azure.csproj", "{3FC4B192-6363-45F0-A1E9-AB2335E2ECE1}"
EndProject
Project("{FAE04EC0-301F-11D3-BF4B-00C04F79EFBC}") = "Xemo.Azure.Tests", "tests\Xemo.Azure.Tests\Xemo.Azure.Tests.csproj", "{454ACD38-B970-4EBC-8EAA-F9A376B8FA21}"
EndProject
Project("{FAE04EC0-301F-11D3-BF4B-00C04F79EFBC}") = "Xemo.Tests", "tests\Xemo.Tests\Xemo.Tests.csproj", "{2C532E21-312C-4B41-98C8-A3E7D3A2A3D8}"
EndProject
Global
	GlobalSection(SolutionConfigurationPlatforms) = preSolution
		Debug|Any CPU = Debug|Any CPU
		Release|Any CPU = Release|Any CPU
	EndGlobalSection
	GlobalSection(ProjectConfigurationPlatforms) = postSolution
		{04FADA25-D229-42DC-8233-1FB9580701AB}.Debug|Any CPU.ActiveCfg = Debug|Any CPU
		{04FADA25-D229-42DC-8233-1FB9580701AB}.Debug|Any CPU.Build.0 = Debug|Any CPU
		{04FADA25-D229-42DC-8233-1FB9580701AB}.Release|Any CPU.ActiveCfg = Release|Any CPU
		{04FADA25-D229-42DC-8233-1FB9580701AB}.Release|Any CPU.Build.0 = Release|Any CPU
		{AB1672B1-0543-4FC2-8F9E-797A13C2B431}.Debug|Any CPU.ActiveCfg = Debug|Any CPU
		{AB1672B1-0543-4FC2-8F9E-797A13C2B431}.Debug|Any CPU.Build.0 = Debug|Any CPU
		{AB1672B1-0543-4FC2-8F9E-797A13C2B431}.Release|Any CPU.ActiveCfg = Release|Any CPU
		{AB1672B1-0543-4FC2-8F9E-797A13C2B431}.Release|Any CPU.Build.0 = Release|Any CPU
		{3FC4B192-6363-45F0-A1E9-AB2335E2ECE1}.Debug|Any CPU.ActiveCfg = Debug|Any CPU
		{3FC4B192-6363-45F0-A1E9-AB2335E2ECE1}.Debug|Any CPU.Build.0 = Debug|Any CPU
		{3FC4B192-6363-45F0-A1E9-AB2335E2ECE1}.Release|Any CPU.ActiveCfg = Release|Any CPU
		{3FC4B192-6363-45F0-A1E9-AB2335E2ECE1}.Release|Any CPU.Build.0 = Release|Any CPU
		{454ACD38-B970-4EBC-8EAA-F9A376B8FA21}.Debug|Any CPU.ActiveCfg = Debug|Any CPU
		{454ACD38-B970-4EBC-8EAA-F9A376B8FA21}.Debug|Any CPU.Build.0 = Debug|Any CPU
		{454ACD38-B970-4EBC-8EAA-F9A376B8FA21}.Release|Any CPU.ActiveCfg = Release|Any CPU
		{454ACD38-B970-4EBC-8EAA-F9A376B8FA21}.Release|Any CPU.Build.0 = Release|Any CPU
		{2C532E21-312C-4B41-98C8-A3E7D3A2A3D8}.Debug|Any CPU.ActiveCfg = Debug|Any CPU
		{2C532E21-312C-4B41-98C8-A3E7D3A2A3D8}.Debug|Any CPU.Build.0 = Debug|Any CPU
		{2C532E21-312C-4B41-98C8-A3E7D3A2A3D8}.Release|Any CPU.ActiveCfg = Release|Any CPU
		{2C532E21-312C-4B41-98C8-A3E7D3A2A3D8}.Release|Any CPU.Build.0 = Release|Any CPU
	EndGlobalSection
	GlobalSection(SolutionProperties) = preSolution
		HideSolutionNode = FALSE
	EndGlobalSection
	GlobalSection(ExtensibilityGlobals) = postSolution
		SolutionGuid = {B164C70C-A13F-4F98-BFD2-1809779064B5}
	EndGlobalSection
EndGlobal
