
Microsoft Visual Studio Solution File, Format Version 12.00
# Visual Studio Version 16
VisualStudioVersion = 25.0.1706.7
MinimumVisualStudioVersion = 10.0.40219.1
Project("{FAE04EC0-301F-11D3-BF4B-00C04F79EFBC}") = "Build", "Build\Build.csproj", "{04FADA25-D229-42DC-8233-1FB9580701AB}"
EndProject
Project("{FAE04EC0-301F-11D3-BF4B-00C04F79EFBC}") = "Xemo", "src\Xemo\Xemo.csproj", "{B55FDC29-6EDD-4782-9F8B-E81DCA94916B}"
EndProject
Project("{FAE04EC0-301F-11D3-BF4B-00C04F79EFBC}") = "Xemo.Azure", "src\Xemo.Azure\Xemo.Azure.csproj", "{07367218-8800-4CEA-80D2-B6445711CE57}"
EndProject
Project("{FAE04EC0-301F-11D3-BF4B-00C04F79EFBC}") = "Xemo.Examples.Todo", "src\Xemo.Examples.Todo\Xemo.Examples.Todo.csproj", "{8E538CAF-B6CF-4756-9E30-EEAB2DFDB340}"
EndProject
Project("{FAE04EC0-301F-11D3-BF4B-00C04F79EFBC}") = "Xemo.Tests", "tests\Xemo.Tests\Xemo.Tests.csproj", "{B2B2A7FB-1F23-4AE7-AF4D-C1804308C466}"
EndProject
Project("{FAE04EC0-301F-11D3-BF4B-00C04F79EFBC}") = "Xemo.Azure.Tests", "tests\Xemo.Azure.Tests\Xemo.Azure.Tests.csproj", "{7ED2A79E-B0D6-4563-B739-92ED119781F4}"
EndProject
Project("{2150E333-8FDC-42A3-9474-1A3956D46DE8}") = "Solution Items", "Solution Items", "{6014E730-DF6F-4674-8564-FF1906BB1B4A}"
	ProjectSection(SolutionItems) = preProject
		appveyor.yml = appveyor.yml
		build.sh = build.sh
	EndProjectSection
EndProject
Global
	GlobalSection(SolutionConfigurationPlatforms) = preSolution
		Debug|Any CPU = Debug|Any CPU
		Release|Any CPU = Release|Any CPU
	EndGlobalSection
	GlobalSection(ProjectConfigurationPlatforms) = postSolution
		{04FADA25-D229-42DC-8233-1FB9580701AB}.Debug|Any CPU.ActiveCfg = Debug|Any CPU
		{04FADA25-D229-42DC-8233-1FB9580701AB}.Debug|Any CPU.Build.0 = Debug|Any CPU
		{04FADA25-D229-42DC-8233-1FB9580701AB}.Release|Any CPU.ActiveCfg = Release|Any CPU
		{04FADA25-D229-42DC-8233-1FB9580701AB}.Release|Any CPU.Build.0 = Release|Any CPU
		{B55FDC29-6EDD-4782-9F8B-E81DCA94916B}.Debug|Any CPU.ActiveCfg = Debug|Any CPU
		{B55FDC29-6EDD-4782-9F8B-E81DCA94916B}.Debug|Any CPU.Build.0 = Debug|Any CPU
		{B55FDC29-6EDD-4782-9F8B-E81DCA94916B}.Release|Any CPU.ActiveCfg = Release|Any CPU
		{B55FDC29-6EDD-4782-9F8B-E81DCA94916B}.Release|Any CPU.Build.0 = Release|Any CPU
		{07367218-8800-4CEA-80D2-B6445711CE57}.Debug|Any CPU.ActiveCfg = Debug|Any CPU
		{07367218-8800-4CEA-80D2-B6445711CE57}.Debug|Any CPU.Build.0 = Debug|Any CPU
		{07367218-8800-4CEA-80D2-B6445711CE57}.Release|Any CPU.ActiveCfg = Release|Any CPU
		{07367218-8800-4CEA-80D2-B6445711CE57}.Release|Any CPU.Build.0 = Release|Any CPU
		{8E538CAF-B6CF-4756-9E30-EEAB2DFDB340}.Debug|Any CPU.ActiveCfg = Debug|Any CPU
		{8E538CAF-B6CF-4756-9E30-EEAB2DFDB340}.Debug|Any CPU.Build.0 = Debug|Any CPU
		{8E538CAF-B6CF-4756-9E30-EEAB2DFDB340}.Release|Any CPU.ActiveCfg = Release|Any CPU
		{8E538CAF-B6CF-4756-9E30-EEAB2DFDB340}.Release|Any CPU.Build.0 = Release|Any CPU
		{B2B2A7FB-1F23-4AE7-AF4D-C1804308C466}.Debug|Any CPU.ActiveCfg = Debug|Any CPU
		{B2B2A7FB-1F23-4AE7-AF4D-C1804308C466}.Debug|Any CPU.Build.0 = Debug|Any CPU
		{B2B2A7FB-1F23-4AE7-AF4D-C1804308C466}.Release|Any CPU.ActiveCfg = Release|Any CPU
		{B2B2A7FB-1F23-4AE7-AF4D-C1804308C466}.Release|Any CPU.Build.0 = Release|Any CPU
		{7ED2A79E-B0D6-4563-B739-92ED119781F4}.Debug|Any CPU.ActiveCfg = Debug|Any CPU
		{7ED2A79E-B0D6-4563-B739-92ED119781F4}.Debug|Any CPU.Build.0 = Debug|Any CPU
		{7ED2A79E-B0D6-4563-B739-92ED119781F4}.Release|Any CPU.ActiveCfg = Release|Any CPU
		{7ED2A79E-B0D6-4563-B739-92ED119781F4}.Release|Any CPU.Build.0 = Release|Any CPU
	EndGlobalSection
	GlobalSection(SolutionProperties) = preSolution
		HideSolutionNode = FALSE
	EndGlobalSection
	GlobalSection(ExtensibilityGlobals) = postSolution
		SolutionGuid = {B164C70C-A13F-4F98-BFD2-1809779064B5}
	EndGlobalSection
EndGlobal
