
Microsoft Visual Studio Solution File, Format Version 12.00
# Visual Studio Version 16
VisualStudioVersion = 25.0.1706.7
MinimumVisualStudioVersion = 10.0.40219.1
Project("{FAE04EC0-301F-11D3-BF4B-00C04F79EFBC}") = "Xemo.Examples.Todo", "Xemo.Examples.Todo\Xemo.Examples.Todo.csproj", "{69DCA5CC-281F-4A76-9694-A95035C1F202}"
EndProject
Project("{FAE04EC0-301F-11D3-BF4B-00C04F79EFBC}") = "Xemo", "Xemo\Xemo.csproj", "{7D000B35-66D4-4CCC-B557-F14B0BB0D0BA}"
EndProject
Project("{FAE04EC0-301F-11D3-BF4B-00C04F79EFBC}") = "XemoTests", "XemoTests\XemoTests.csproj", "{C96E270F-96F0-42E1-BA3E-89F89BA19F40}"
EndProject
Project("{FAE04EC0-301F-11D3-BF4B-00C04F79EFBC}") = "Xemo.Azure", "Xemo.Azure\Xemo.Azure.csproj", "{1F44EF20-4130-49F6-9C96-8C545995F62F}"
EndProject
Project("{FAE04EC0-301F-11D3-BF4B-00C04F79EFBC}") = "Xemo.Azure.Tests", "Xemo.Azure.Tests\Xemo.Azure.Tests.csproj", "{7EA3B928-17DC-437A-BD97-71372EFF7746}"
EndProject
Project("{FAE04EC0-301F-11D3-BF4B-00C04F79EFBC}") = "Xemo.GarFuncL", "Xemo.GarFuncL\Xemo.GarFuncL.csproj", "{615E05CA-9E91-4731-8872-1E70EB356CC3}"
EndProject
Global
	GlobalSection(SolutionConfigurationPlatforms) = preSolution
		Debug|Any CPU = Debug|Any CPU
		Release|Any CPU = Release|Any CPU
	EndGlobalSection
	GlobalSection(ProjectConfigurationPlatforms) = postSolution
		{69DCA5CC-281F-4A76-9694-A95035C1F202}.Debug|Any CPU.ActiveCfg = Debug|Any CPU
		{69DCA5CC-281F-4A76-9694-A95035C1F202}.Debug|Any CPU.Build.0 = Debug|Any CPU
		{69DCA5CC-281F-4A76-9694-A95035C1F202}.Release|Any CPU.ActiveCfg = Release|Any CPU
		{69DCA5CC-281F-4A76-9694-A95035C1F202}.Release|Any CPU.Build.0 = Release|Any CPU
		{7D000B35-66D4-4CCC-B557-F14B0BB0D0BA}.Debug|Any CPU.ActiveCfg = Debug|Any CPU
		{7D000B35-66D4-4CCC-B557-F14B0BB0D0BA}.Debug|Any CPU.Build.0 = Debug|Any CPU
		{7D000B35-66D4-4CCC-B557-F14B0BB0D0BA}.Release|Any CPU.ActiveCfg = Release|Any CPU
		{7D000B35-66D4-4CCC-B557-F14B0BB0D0BA}.Release|Any CPU.Build.0 = Release|Any CPU
		{C96E270F-96F0-42E1-BA3E-89F89BA19F40}.Debug|Any CPU.ActiveCfg = Debug|Any CPU
		{C96E270F-96F0-42E1-BA3E-89F89BA19F40}.Debug|Any CPU.Build.0 = Debug|Any CPU
		{C96E270F-96F0-42E1-BA3E-89F89BA19F40}.Release|Any CPU.ActiveCfg = Release|Any CPU
		{C96E270F-96F0-42E1-BA3E-89F89BA19F40}.Release|Any CPU.Build.0 = Release|Any CPU
		{1F44EF20-4130-49F6-9C96-8C545995F62F}.Debug|Any CPU.ActiveCfg = Debug|Any CPU
		{1F44EF20-4130-49F6-9C96-8C545995F62F}.Debug|Any CPU.Build.0 = Debug|Any CPU
		{1F44EF20-4130-49F6-9C96-8C545995F62F}.Release|Any CPU.ActiveCfg = Release|Any CPU
		{1F44EF20-4130-49F6-9C96-8C545995F62F}.Release|Any CPU.Build.0 = Release|Any CPU
		{7EA3B928-17DC-437A-BD97-71372EFF7746}.Debug|Any CPU.ActiveCfg = Debug|Any CPU
		{7EA3B928-17DC-437A-BD97-71372EFF7746}.Debug|Any CPU.Build.0 = Debug|Any CPU
		{7EA3B928-17DC-437A-BD97-71372EFF7746}.Release|Any CPU.ActiveCfg = Release|Any CPU
		{7EA3B928-17DC-437A-BD97-71372EFF7746}.Release|Any CPU.Build.0 = Release|Any CPU
		{615E05CA-9E91-4731-8872-1E70EB356CC3}.Debug|Any CPU.ActiveCfg = Debug|Any CPU
		{615E05CA-9E91-4731-8872-1E70EB356CC3}.Debug|Any CPU.Build.0 = Debug|Any CPU
		{615E05CA-9E91-4731-8872-1E70EB356CC3}.Release|Any CPU.ActiveCfg = Release|Any CPU
		{615E05CA-9E91-4731-8872-1E70EB356CC3}.Release|Any CPU.Build.0 = Release|Any CPU
	EndGlobalSection
	GlobalSection(SolutionProperties) = preSolution
		HideSolutionNode = FALSE
	EndGlobalSection
	GlobalSection(ExtensibilityGlobals) = postSolution
		SolutionGuid = {B164C70C-A13F-4F98-BFD2-1809779064B5}
	EndGlobalSection
EndGlobal
